{
  "name": "jb-activity-template",
  "version": "1.0.0",
  "lockfileVersion": 1,
  "requires": true,
  "dependencies": {
    "curved-line": {
      "version": "1.0.1",
      "resolved": "https://registry.npmjs.org/curved-line/-/curved-line-1.0.1.tgz",
      "integrity": "sha512-gVBwmV6T9BL2Xn1l9Q7QUws0e9HuNVH2OQBVoHJtjMxqNrblZ7WJhI8h45zDIy/dFHALu4ApWZG8vcKNq0z9HQ=="
    }
  }
}
